Microsoft Visual Studio Solution File, Format Version 12.00
# Visual Studio Version 17
VisualStudioVersion = 17.0.31903.59
MinimumVisualStudioVersion = 10.0.40219.1
Project("{2150E333-8FDC-42A3-9474-1A3956D46DE8}") = "src", "src", "{827E0CD3-B72D-47B6-A68D-7590B98EB39B}"
EndProject
Project("{FAE04EC0-301F-11D3-BF4B-00C04F79EFBC}") = "EnrollmentSystem.Shared", "src\EnrollmentSystem.Shared\EnrollmentSystem.Shared.csproj", "{D4464373-0D25-4D62-965B-2B21159960B9}"
EndProject
Project("{FAE04EC0-301F-11D3-BF4B-00C04F79EFBC}") = "EnrollmentSystem.AuthService", "src\EnrollmentSystem.AuthService\EnrollmentSystem.AuthService.csproj", "{0C0D239E-BFAB-40EB-A19A-D232CB10EC72}"
EndProject
Project("{FAE04EC0-301F-11D3-BF4B-00C04F79EFBC}") = "EnrollmentSystem.CourseService", "src\EnrollmentSystem.CourseService\EnrollmentSystem.CourseService.csproj", "{E5DF2716-A113-4873-875C-A6F051723239}"
EndProject
Project("{FAE04EC0-301F-11D3-BF4B-00C04F79EFBC}") = "EnrollmentSystem.GradeService", "src\EnrollmentSystem.GradeService\EnrollmentSystem.GradeService.csproj", "{5998811C-37C0-4A7F-95DF-6B87B05CC251}"
EndProject
Project("{FAE04EC0-301F-11D3-BF4B-00C04F79EFBC}") = "EnrollmentSystem.Frontend", "src\EnrollmentSystem.Frontend\EnrollmentSystem.Frontend.csproj", "{A08210DA-ADAC-4997-9ADD-527E8F526ACD}"
EndProject
Project("{2150E333-8FDC-42A3-9474-1A3956D46DE8}") = "Documentation", "Documentation", "{5CE8E52D-A8AF-340A-4033-B85429601BE7}"
	ProjectSection(SolutionItems) = preProject
		QUICK_START.md = QUICK_START.md
		README.md = README.md
		START_HERE.md = START_HERE.md
	EndProjectSection
EndProject
Project("{2150E333-8FDC-42A3-9474-1A3956D46DE8}") = "Scripts", "Scripts", "{6DF9E62F-B8B1-4D4E-9C8A-1234567890AB}"
	ProjectSection(SolutionItems) = preProject
		start-all-services.ps1 = start-all-services.ps1
		stop-all-services.ps1 = stop-all-services.ps1
	EndProjectSection
EndProject
Global
	GlobalSection(SolutionConfigurationPlatforms) = preSolution
		Debug|Any CPU = Debug|Any CPU
		Debug|x64 = Debug|x64
		Debug|x86 = Debug|x86
		Release|Any CPU = Release|Any CPU
		Release|x64 = Release|x64
		Release|x86 = Release|x86
	EndGlobalSection
	GlobalSection(ProjectConfigurationPlatforms) = postSolution
		{D4464373-0D25-4D62-965B-2B21159960B9}.Debug|Any CPU.ActiveCfg = Debug|Any CPU
		{D4464373-0D25-4D62-965B-2B21159960B9}.Debug|Any CPU.Build.0 = Debug|Any CPU
		{D4464373-0D25-4D62-965B-2B21159960B9}.Debug|x64.ActiveCfg = Debug|Any CPU
		{D4464373-0D25-4D62-965B-2B21159960B9}.Debug|x64.Build.0 = Debug|Any CPU
		{D4464373-0D25-4D62-965B-2B21159960B9}.Debug|x86.ActiveCfg = Debug|Any CPU
		{D4464373-0D25-4D62-965B-2B21159960B9}.Debug|x86.Build.0 = Debug|Any CPU
		{D4464373-0D25-4D62-965B-2B21159960B9}.Release|Any CPU.ActiveCfg = Release|Any CPU
		{D4464373-0D25-4D62-965B-2B21159960B9}.Release|Any CPU.Build.0 = Release|Any CPU
		{D4464373-0D25-4D62-965B-2B21159960B9}.Release|x64.ActiveCfg = Release|Any CPU
		{D4464373-0D25-4D62-965B-2B21159960B9}.Release|x64.Build.0 = Release|Any CPU
		{D4464373-0D25-4D62-965B-2B21159960B9}.Release|x86.ActiveCfg = Release|Any CPU
		{D4464373-0D25-4D62-965B-2B21159960B9}.Release|x86.Build.0 = Release|Any CPU
		{0C0D239E-BFAB-40EB-A19A-D232CB10EC72}.Debug|Any CPU.ActiveCfg = Debug|Any CPU
		{0C0D239E-BFAB-40EB-A19A-D232CB10EC72}.Debug|Any CPU.Build.0 = Debug|Any CPU
		{0C0D239E-BFAB-40EB-A19A-D232CB10EC72}.Debug|x64.ActiveCfg = Debug|Any CPU
		{0C0D239E-BFAB-40EB-A19A-D232CB10EC72}.Debug|x64.Build.0 = Debug|Any CPU
		{0C0D239E-BFAB-40EB-A19A-D232CB10EC72}.Debug|x86.ActiveCfg = Debug|Any CPU
		{0C0D239E-BFAB-40EB-A19A-D232CB10EC72}.Debug|x86.Build.0 = Debug|Any CPU
		{0C0D239E-BFAB-40EB-A19A-D232CB10EC72}.Release|Any CPU.ActiveCfg = Release|Any CPU
		{0C0D239E-BFAB-40EB-A19A-D232CB10EC72}.Release|Any CPU.Build.0 = Release|Any CPU
		{0C0D239E-BFAB-40EB-A19A-D232CB10EC72}.Release|x64.ActiveCfg = Release|Any CPU
		{0C0D239E-BFAB-40EB-A19A-D232CB10EC72}.Release|x64.Build.0 = Release|Any CPU
		{0C0D239E-BFAB-40EB-A19A-D232CB10EC72}.Release|x86.ActiveCfg = Release|Any CPU
		{0C0D239E-BFAB-40EB-A19A-D232CB10EC72}.Release|x86.Build.0 = Release|Any CPU
		{E5DF2716-A113-4873-875C-A6F051723239}.Debug|Any CPU.ActiveCfg = Debug|Any CPU
		{E5DF2716-A113-4873-875C-A6F051723239}.Debug|Any CPU.Build.0 = Debug|Any CPU
		{E5DF2716-A113-4873-875C-A6F051723239}.Debug|x64.ActiveCfg = Debug|Any CPU
		{E5DF2716-A113-4873-875C-A6F051723239}.Debug|x64.Build.0 = Debug|Any CPU
		{E5DF2716-A113-4873-875C-A6F051723239}.Debug|x86.ActiveCfg = Debug|Any CPU
		{E5DF2716-A113-4873-875C-A6F051723239}.Debug|x86.Build.0 = Debug|Any CPU
		{E5DF2716-A113-4873-875C-A6F051723239}.Release|Any CPU.ActiveCfg = Release|Any CPU
		{E5DF2716-A113-4873-875C-A6F051723239}.Release|Any CPU.Build.0 = Release|Any CPU
		{E5DF2716-A113-4873-875C-A6F051723239}.Release|x64.ActiveCfg = Release|Any CPU
		{E5DF2716-A113-4873-875C-A6F051723239}.Release|x64.Build.0 = Release|Any CPU
		{E5DF2716-A113-4873-875C-A6F051723239}.Release|x86.ActiveCfg = Release|Any CPU
		{E5DF2716-A113-4873-875C-A6F051723239}.Release|x86.Build.0 = Release|Any CPU
		{5998811C-37C0-4A7F-95DF-6B87B05CC251}.Debug|Any CPU.ActiveCfg = Debug|Any CPU
		{5998811C-37C0-4A7F-95DF-6B87B05CC251}.Debug|Any CPU.Build.0 = Debug|Any CPU
		{5998811C-37C0-4A7F-95DF-6B87B05CC251}.Debug|x64.ActiveCfg = Debug|Any CPU
		{5998811C-37C0-4A7F-95DF-6B87B05CC251}.Debug|x64.Build.0 = Debug|Any CPU
		{5998811C-37C0-4A7F-95DF-6B87B05CC251}.Debug|x86.ActiveCfg = Debug|Any CPU
		{5998811C-37C0-4A7F-95DF-6B87B05CC251}.Debug|x86.Build.0 = Debug|Any CPU
		{5998811C-37C0-4A7F-95DF-6B87B05CC251}.Release|Any CPU.ActiveCfg = Release|Any CPU
		{5998811C-37C0-4A7F-95DF-6B87B05CC251}.Release|Any CPU.Build.0 = Release|Any CPU
		{5998811C-37C0-4A7F-95DF-6B87B05CC251}.Release|x64.ActiveCfg = Release|Any CPU
		{5998811C-37C0-4A7F-95DF-6B87B05CC251}.Release|x64.Build.0 = Release|Any CPU
		{5998811C-37C0-4A7F-95DF-6B87B05CC251}.Release|x86.ActiveCfg = Release|Any CPU
		{5998811C-37C0-4A7F-95DF-6B87B05CC251}.Release|x86.Build.0 = Release|Any CPU
		{A08210DA-ADAC-4997-9ADD-527E8F526ACD}.Debug|Any CPU.ActiveCfg = Debug|Any CPU
		{A08210DA-ADAC-4997-9ADD-527E8F526ACD}.Debug|Any CPU.Build.0 = Debug|Any CPU
		{A08210DA-ADAC-4997-9ADD-527E8F526ACD}.Debug|x64.ActiveCfg = Debug|Any CPU
		{A08210DA-ADAC-4997-9ADD-527E8F526ACD}.Debug|x64.Build.0 = Debug|Any CPU
		{A08210DA-ADAC-4997-9ADD-527E8F526ACD}.Debug|x86.ActiveCfg = Debug|Any CPU
		{A08210DA-ADAC-4997-9ADD-527E8F526ACD}.Debug|x86.Build.0 = Debug|Any CPU
		{A08210DA-ADAC-4997-9ADD-527E8F526ACD}.Release|Any CPU.ActiveCfg = Release|Any CPU
		{A08210DA-ADAC-4997-9ADD-527E8F526ACD}.Release|Any CPU.Build.0 = Release|Any CPU
		{A08210DA-ADAC-4997-9ADD-527E8F526ACD}.Release|x64.ActiveCfg = Release|Any CPU
		{A08210DA-ADAC-4997-9ADD-527E8F526ACD}.Release|x64.Build.0 = Release|Any CPU
		{A08210DA-ADAC-4997-9ADD-527E8F526ACD}.Release|x86.ActiveCfg = Release|Any CPU
		{A08210DA-ADAC-4997-9ADD-527E8F526ACD}.Release|x86.Build.0 = Release|Any CPU
	EndGlobalSection
	GlobalSection(SolutionProperties) = preSolution
		HideSolutionNode = FALSE
	EndGlobalSection
	GlobalSection(NestedProjects) = preSolution
		{D4464373-0D25-4D62-965B-2B21159960B9} = {827E0CD3-B72D-47B6-A68D-7590B98EB39B}
		{0C0D239E-BFAB-40EB-A19A-D232CB10EC72} = {827E0CD3-B72D-47B6-A68D-7590B98EB39B}
		{E5DF2716-A113-4873-875C-A6F051723239} = {827E0CD3-B72D-47B6-A68D-7590B98EB39B}
		{5998811C-37C0-4A7F-95DF-6B87B05CC251} = {827E0CD3-B72D-47B6-A68D-7590B98EB39B}
		{A08210DA-ADAC-4997-9ADD-527E8F526ACD} = {827E0CD3-B72D-47B6-A68D-7590B98EB39B}
	EndGlobalSection
	GlobalSection(ExtensibilityGlobals) = postSolution
		SolutionGuid = {05E78CDC-6A47-4402-8763-4ABC16CE01D4}
	EndGlobalSection
EndGlobal
